{
  "object": {
    "pins": [
      {
        "package": "Promises",
        "repositoryURL": "https://github.com/google/promises.git",
        "state": {
          "branch": null,
          "revision": "ec957ccddbcc710ccc64c9dcbd4c7006fcf8b73a",
          "version": "2.2.0"
        }
      },
      {
        "package": "SwiftDocCPlugin",
        "repositoryURL": "https://github.com/apple/swift-docc-plugin.git",
        "state": {
          "branch": null,
          "revision": "26ac5758409154cc448d7ab82389c520fa8a8247",
          "version": "1.3.0"
        }
      },
      {
        "package": "SymbolKit",
        "repositoryURL": "https://github.com/apple/swift-docc-symbolkit",
        "state": {
          "branch": null,
          "revision": "b45d1f2ed151d057b54504d653e0da5552844e34",
          "version": "1.0.0"
        }
      },
      {
        "package": "swift-log",
        "repositoryURL": "https://github.com/apple/swift-log.git",
        "state": {
          "branch": null,
          "revision": "32e8d724467f8fe623624570367e3d50c5638e46",
          "version": "1.5.2"
        }
      },
      {
        "package": "SwiftProtobuf",
        "repositoryURL": "https://github.com/apple/swift-protobuf.git",
        "state": {
          "branch": null,
          "revision": "f25867a208f459d3c5a06935dceb9083b11cd539",
          "version": "1.22.0"
        }
      },
      {
        "package": "WebRTC",
        "repositoryURL": "https://github.com/livekit/webrtc-xcframework-static.git",
        "state": {
          "branch": null,
          "revision": "05fb98380b8c2c43041050be6170ffa3dbc64174",
          "version": "114.5735.9"
        }
      }
    ]
  },
  "version": 1
}
