// !$*UTF8*$!
{
	archiveVersion = 1;
	classes = {
	};
	objectVersion = 56;
	objects = {

/* Begin PBXBuildFile section */
		68046C3429F6623900C94D74 /* LiveKit in Frameworks */ = {isa = PBXBuildFile; productRef = 68046C3329F6623900C94D74 /* LiveKit */; };
		68046C3629F6637800C94D74 /* Components.swift in Sources */ = {isa = PBXBuildFile; fileRef = 68046C3529F6637800C94D74 /* Components.swift */; };
		68046C3829F663BB00C94D74 /* ParticipantCountView.swift in Sources */ = {isa = PBXBuildFile; fileRef = 68046C3729F663BB00C94D74 /* ParticipantCountView.swift */; };
		68046C3A29F6651600C94D74 /* ConnectView.swift in Sources */ = {isa = PBXBuildFile; fileRef = 68046C3929F6651600C94D74 /* ConnectView.swift */; };
		68046C3C29F6659100C94D74 /* ConnectionStateBuilder.swift in Sources */ = {isa = PBXBuildFile; fileRef = 68046C3B29F6659100C94D74 /* ConnectionStateBuilder.swift */; };
		68046C3E29F69B9D00C94D74 /* ParticipantView.swift in Sources */ = {isa = PBXBuildFile; fileRef = 68046C3D29F69B9D00C94D74 /* ParticipantView.swift */; };
		68046C4029F69C7600C94D74 /* ForEachParticipant.swift in Sources */ = {isa = PBXBuildFile; fileRef = 68046C3F29F69C7600C94D74 /* ForEachParticipant.swift */; };
		68046C4229F6A16200C94D74 /* VideoTrackPublicationView.swift in Sources */ = {isa = PBXBuildFile; fileRef = 68046C4129F6A16200C94D74 /* VideoTrackPublicationView.swift */; };
		68046C4629F6A5A200C94D74 /* ConnectionQualityBuilder.swift in Sources */ = {isa = PBXBuildFile; fileRef = 68046C4529F6A5A200C94D74 /* ConnectionQualityBuilder.swift */; };
		68046C4829F6A9FB00C94D74 /* TrackPublicationStateBuilder.swift in Sources */ = {isa = PBXBuildFile; fileRef = 68046C4729F6A9FB00C94D74 /* TrackPublicationStateBuilder.swift */; };
		68046C4A29F6E5B300C94D74 /* UIConfiguration.swift in Sources */ = {isa = PBXBuildFile; fileRef = 68046C4929F6E5B300C94D74 /* UIConfiguration.swift */; };
		68046C4C29F7627E00C94D74 /* RoomNameView.swift in Sources */ = {isa = PBXBuildFile; fileRef = 68046C4B29F7627E00C94D74 /* RoomNameView.swift */; };
		68046C4F29F7652500C94D74 /* RoomDisconnectButton.swift in Sources */ = {isa = PBXBuildFile; fileRef = 68046C4E29F7652500C94D74 /* RoomDisconnectButton.swift */; };
		68046C5329F7674B00C94D74 /* RoomScope.swift in Sources */ = {isa = PBXBuildFile; fileRef = 68046C5229F7674B00C94D74 /* RoomScope.swift */; };
		68046C5529F7675600C94D74 /* ComponentsScope.swift in Sources */ = {isa = PBXBuildFile; fileRef = 68046C5429F7675600C94D74 /* ComponentsScope.swift */; };
		68046C5729F78CC600C94D74 /* ConnectionQualityIndicatorView.swift in Sources */ = {isa = PBXBuildFile; fileRef = 68046C5629F78CC600C94D74 /* ConnectionQualityIndicatorView.swift */; };
		68046C5929F78DB000C94D74 /* ForEachTrackPublication.swift in Sources */ = {isa = PBXBuildFile; fileRef = 68046C5829F78DAF00C94D74 /* ForEachTrackPublication.swift */; };
		68046C5C29F7917600C94D74 /* PublishCameraButton.swift in Sources */ = {isa = PBXBuildFile; fileRef = 68046C5B29F7917600C94D74 /* PublishCameraButton.swift */; };
		68046C5F29F7973300C94D74 /* PublishMicrophoneButton.swift in Sources */ = {isa = PBXBuildFile; fileRef = 68046C5E29F7973300C94D74 /* PublishMicrophoneButton.swift */; };
		687B62EA29F65F05003FE0FA /* ComponentsExampleApp.swift in Sources */ = {isa = PBXBuildFile; fileRef = 687B62E929F65F05003FE0FA /* ComponentsExampleApp.swift */; };
		687B62EC29F65F05003FE0FA /* VideoConferenceView.swift in Sources */ = {isa = PBXBuildFile; fileRef = 687B62EB29F65F05003FE0FA /* VideoConferenceView.swift */; };
		687B62EE29F65F06003FE0FA /* Assets.xcassets in Resources */ = {isa = PBXBuildFile; fileRef = 687B62ED29F65F06003FE0FA /* Assets.xcassets */; };
/* End PBXBuildFile section */

/* Begin PBXFileReference section */
		68046C3529F6637800C94D74 /* Components.swift */ = {isa = PBXFileReference; lastKnownFileType = sourcecode.swift; path = Components.swift; sourceTree = "<group>"; };
		68046C3729F663BB00C94D74 /* ParticipantCountView.swift */ = {isa = PBXFileReference; lastKnownFileType = sourcecode.swift; path = ParticipantCountView.swift; sourceTree = "<group>"; };
		68046C3929F6651600C94D74 /* ConnectView.swift */ = {isa = PBXFileReference; lastKnownFileType = sourcecode.swift; path = ConnectView.swift; sourceTree = "<group>"; };
		68046C3B29F6659100C94D74 /* ConnectionStateBuilder.swift */ = {isa = PBXFileReference; lastKnownFileType = sourcecode.swift; path = ConnectionStateBuilder.swift; sourceTree = "<group>"; };
		68046C3D29F69B9D00C94D74 /* ParticipantView.swift */ = {isa = PBXFileReference; lastKnownFileType = sourcecode.swift; path = ParticipantView.swift; sourceTree = "<group>"; };
		68046C3F29F69C7600C94D74 /* ForEachParticipant.swift */ = {isa = PBXFileReference; lastKnownFileType = sourcecode.swift; path = ForEachParticipant.swift; sourceTree = "<group>"; };
		68046C4129F6A16200C94D74 /* VideoTrackPublicationView.swift */ = {isa = PBXFileReference; lastKnownFileType = sourcecode.swift; path = VideoTrackPublicationView.swift; sourceTree = "<group>"; };
		68046C4529F6A5A200C94D74 /* ConnectionQualityBuilder.swift */ = {isa = PBXFileReference; lastKnownFileType = sourcecode.swift; path = ConnectionQualityBuilder.swift; sourceTree = "<group>"; };
		68046C4729F6A9FB00C94D74 /* TrackPublicationStateBuilder.swift */ = {isa = PBXFileReference; lastKnownFileType = sourcecode.swift; path = TrackPublicationStateBuilder.swift; sourceTree = "<group>"; };
		68046C4929F6E5B300C94D74 /* UIConfiguration.swift */ = {isa = PBXFileReference; lastKnownFileType = sourcecode.swift; path = UIConfiguration.swift; sourceTree = "<group>"; };
		68046C4B29F7627E00C94D74 /* RoomNameView.swift */ = {isa = PBXFileReference; lastKnownFileType = sourcecode.swift; path = RoomNameView.swift; sourceTree = "<group>"; };
		68046C4E29F7652500C94D74 /* RoomDisconnectButton.swift */ = {isa = PBXFileReference; lastKnownFileType = sourcecode.swift; path = RoomDisconnectButton.swift; sourceTree = "<group>"; };
		68046C5229F7674B00C94D74 /* RoomScope.swift */ = {isa = PBXFileReference; lastKnownFileType = sourcecode.swift; path = RoomScope.swift; sourceTree = "<group>"; };
		68046C5429F7675600C94D74 /* ComponentsScope.swift */ = {isa = PBXFileReference; lastKnownFileType = sourcecode.swift; path = ComponentsScope.swift; sourceTree = "<group>"; };
		68046C5629F78CC600C94D74 /* ConnectionQualityIndicatorView.swift */ = {isa = PBXFileReference; lastKnownFileType = sourcecode.swift; path = ConnectionQualityIndicatorView.swift; sourceTree = "<group>"; };
		68046C5829F78DAF00C94D74 /* ForEachTrackPublication.swift */ = {isa = PBXFileReference; lastKnownFileType = sourcecode.swift; path = ForEachTrackPublication.swift; sourceTree = "<group>"; };
		68046C5B29F7917600C94D74 /* PublishCameraButton.swift */ = {isa = PBXFileReference; lastKnownFileType = sourcecode.swift; path = PublishCameraButton.swift; sourceTree = "<group>"; };
		68046C5D29F792F300C94D74 /* Info.plist */ = {isa = PBXFileReference; lastKnownFileType = text.plist; path = Info.plist; sourceTree = "<group>"; };
		68046C5E29F7973300C94D74 /* PublishMicrophoneButton.swift */ = {isa = PBXFileReference; lastKnownFileType = sourcecode.swift; path = PublishMicrophoneButton.swift; sourceTree = "<group>"; };
		687B62E629F65F05003FE0FA /* components-example.app */ = {isa = PBXFileReference; explicitFileType = wrapper.application; includeInIndex = 0; path = "components-example.app"; sourceTree = BUILT_PRODUCTS_DIR; };
		687B62E929F65F05003FE0FA /* ComponentsExampleApp.swift */ = {isa = PBXFileReference; lastKnownFileType = sourcecode.swift; path = ComponentsExampleApp.swift; sourceTree = "<group>"; };
		687B62EB29F65F05003FE0FA /* VideoConferenceView.swift */ = {isa = PBXFileReference; lastKnownFileType = sourcecode.swift; path = VideoConferenceView.swift; sourceTree = "<group>"; };
		687B62ED29F65F06003FE0FA /* Assets.xcassets */ = {isa = PBXFileReference; lastKnownFileType = folder.assetcatalog; path = Assets.xcassets; sourceTree = "<group>"; };
		687B62EF29F65F06003FE0FA /* components_example.entitlements */ = {isa = PBXFileReference; lastKnownFileType = text.plist.entitlements; path = components_example.entitlements; sourceTree = "<group>"; };
/* End PBXFileReference section */

/* Begin PBXFrameworksBuildPhase section */
		687B62E329F65F05003FE0FA /* Frameworks */ = {
			isa = PBXFrameworksBuildPhase;
			buildActionMask = 2147483647;
			files = (
				68046C3429F6623900C94D74 /* LiveKit in Frameworks */,
			);
			runOnlyForDeploymentPostprocessing = 0;
		};
/* End PBXFrameworksBuildPhase section */

/* Begin PBXGroup section */
		68046C2D29F6609A00C94D74 /* Components */ = {
			isa = PBXGroup;
			children = (
				68046C4929F6E5B300C94D74 /* UIConfiguration.swift */,
				68046C3529F6637800C94D74 /* Components.swift */,
				68046C5129F7673C00C94D74 /* Scopes */,
				68046C4429F6A56700C94D74 /* StateBuilders */,
				68046C5029F766BE00C94D74 /* ForEach */,
				68046C3029F6617600C94D74 /* Views */,
				68046C5A29F7910400C94D74 /* Buttons */,
				68046C4329F6A49800C94D74 /* Prebuilt */,
			);
			path = Components;
			sourceTree = "<group>";
		};
		68046C3029F6617600C94D74 /* Views */ = {
			isa = PBXGroup;
			children = (
				68046C4D29F762DC00C94D74 /* Simple */,
				68046C3D29F69B9D00C94D74 /* ParticipantView.swift */,
				68046C4129F6A16200C94D74 /* VideoTrackPublicationView.swift */,
			);
			path = Views;
			sourceTree = "<group>";
		};
		68046C3229F6623900C94D74 /* Frameworks */ = {
			isa = PBXGroup;
			children = (
			);
			name = Frameworks;
			sourceTree = "<group>";
		};
		68046C4329F6A49800C94D74 /* Prebuilt */ = {
			isa = PBXGroup;
			children = (
				687B62EB29F65F05003FE0FA /* VideoConferenceView.swift */,
				68046C3929F6651600C94D74 /* ConnectView.swift */,
			);
			path = Prebuilt;
			sourceTree = "<group>";
		};
		68046C4429F6A56700C94D74 /* StateBuilders */ = {
			isa = PBXGroup;
			children = (
				68046C3B29F6659100C94D74 /* ConnectionStateBuilder.swift */,
				68046C4529F6A5A200C94D74 /* ConnectionQualityBuilder.swift */,
				68046C4729F6A9FB00C94D74 /* TrackPublicationStateBuilder.swift */,
			);
			path = StateBuilders;
			sourceTree = "<group>";
		};
		68046C4D29F762DC00C94D74 /* Simple */ = {
			isa = PBXGroup;
			children = (
				68046C4B29F7627E00C94D74 /* RoomNameView.swift */,
				68046C3729F663BB00C94D74 /* ParticipantCountView.swift */,
				68046C5629F78CC600C94D74 /* ConnectionQualityIndicatorView.swift */,
			);
			path = Simple;
			sourceTree = "<group>";
		};
		68046C5029F766BE00C94D74 /* ForEach */ = {
			isa = PBXGroup;
			children = (
				68046C3F29F69C7600C94D74 /* ForEachParticipant.swift */,
				68046C5829F78DAF00C94D74 /* ForEachTrackPublication.swift */,
			);
			path = ForEach;
			sourceTree = "<group>";
		};
		68046C5129F7673C00C94D74 /* Scopes */ = {
			isa = PBXGroup;
			children = (
				68046C5429F7675600C94D74 /* ComponentsScope.swift */,
				68046C5229F7674B00C94D74 /* RoomScope.swift */,
			);
			path = Scopes;
			sourceTree = "<group>";
		};
		68046C5A29F7910400C94D74 /* Buttons */ = {
			isa = PBXGroup;
			children = (
				68046C4E29F7652500C94D74 /* RoomDisconnectButton.swift */,
				68046C5B29F7917600C94D74 /* PublishCameraButton.swift */,
				68046C5E29F7973300C94D74 /* PublishMicrophoneButton.swift */,
			);
			path = Buttons;
			sourceTree = "<group>";
		};
		687B62DD29F65F05003FE0FA = {
			isa = PBXGroup;
			children = (
				687B62E829F65F05003FE0FA /* components-example */,
				687B62E729F65F05003FE0FA /* Products */,
				68046C3229F6623900C94D74 /* Frameworks */,
			);
			sourceTree = "<group>";
		};
		687B62E729F65F05003FE0FA /* Products */ = {
			isa = PBXGroup;
			children = (
				687B62E629F65F05003FE0FA /* components-example.app */,
			);
			name = Products;
			sourceTree = "<group>";
		};
		687B62E829F65F05003FE0FA /* components-example */ = {
			isa = PBXGroup;
			children = (
				68046C5D29F792F300C94D74 /* Info.plist */,
				68046C2D29F6609A00C94D74 /* Components */,
				687B62E929F65F05003FE0FA /* ComponentsExampleApp.swift */,
				687B62ED29F65F06003FE0FA /* Assets.xcassets */,
				687B62EF29F65F06003FE0FA /* components_example.entitlements */,
			);
			path = "components-example";
			sourceTree = "<group>";
		};
/* End PBXGroup section */

/* Begin PBXNativeTarget section */
		687B62E529F65F05003FE0FA /* components-example */ = {
			isa = PBXNativeTarget;
			buildConfigurationList = 687B62F529F65F06003FE0FA /* Build configuration list for PBXNativeTarget "components-example" */;
			buildPhases = (
				687B62E229F65F05003FE0FA /* Sources */,
				687B62E329F65F05003FE0FA /* Frameworks */,
				687B62E429F65F05003FE0FA /* Resources */,
			);
			buildRules = (
			);
			dependencies = (
			);
			name = "components-example";
			packageProductDependencies = (
				68046C3329F6623900C94D74 /* LiveKit */,
			);
			productName = "components-example";
			productReference = 687B62E629F65F05003FE0FA /* components-example.app */;
			productType = "com.apple.product-type.application";
		};
/* End PBXNativeTarget section */

/* Begin PBXProject section */
		687B62DE29F65F05003FE0FA /* Project object */ = {
			isa = PBXProject;
			attributes = {
				BuildIndependentTargetsInParallel = 1;
				LastSwiftUpdateCheck = 1430;
				LastUpgradeCheck = 1430;
				TargetAttributes = {
					687B62E529F65F05003FE0FA = {
						CreatedOnToolsVersion = 14.3;
					};
				};
			};
			buildConfigurationList = 687B62E129F65F05003FE0FA /* Build configuration list for PBXProject "components-example" */;
			compatibilityVersion = "Xcode 14.0";
			developmentRegion = en;
			hasScannedForEncodings = 0;
			knownRegions = (
				en,
				Base,
			);
			mainGroup = 687B62DD29F65F05003FE0FA;
			productRefGroup = 687B62E729F65F05003FE0FA /* Products */;
			projectDirPath = "";
			projectRoot = "";
			targets = (
				687B62E529F65F05003FE0FA /* components-example */,
			);
		};
/* End PBXProject section */

/* Begin PBXResourcesBuildPhase section */
		687B62E429F65F05003FE0FA /* Resources */ = {
			isa = PBXResourcesBuildPhase;
			buildActionMask = 2147483647;
			files = (
				687B62EE29F65F06003FE0FA /* Assets.xcassets in Resources */,
			);
			runOnlyForDeploymentPostprocessing = 0;
		};
/* End PBXResourcesBuildPhase section */

/* Begin PBXSourcesBuildPhase section */
		687B62E229F65F05003FE0FA /* Sources */ = {
			isa = PBXSourcesBuildPhase;
			buildActionMask = 2147483647;
			files = (
				68046C4C29F7627E00C94D74 /* RoomNameView.swift in Sources */,
				68046C5329F7674B00C94D74 /* RoomScope.swift in Sources */,
				68046C4629F6A5A200C94D74 /* ConnectionQualityBuilder.swift in Sources */,
				68046C5F29F7973300C94D74 /* PublishMicrophoneButton.swift in Sources */,
				68046C3C29F6659100C94D74 /* ConnectionStateBuilder.swift in Sources */,
				68046C4229F6A16200C94D74 /* VideoTrackPublicationView.swift in Sources */,
				68046C5729F78CC600C94D74 /* ConnectionQualityIndicatorView.swift in Sources */,
				68046C3E29F69B9D00C94D74 /* ParticipantView.swift in Sources */,
				68046C3629F6637800C94D74 /* Components.swift in Sources */,
				68046C5C29F7917600C94D74 /* PublishCameraButton.swift in Sources */,
				68046C4029F69C7600C94D74 /* ForEachParticipant.swift in Sources */,
				68046C5929F78DB000C94D74 /* ForEachTrackPublication.swift in Sources */,
				68046C3829F663BB00C94D74 /* ParticipantCountView.swift in Sources */,
				68046C4829F6A9FB00C94D74 /* TrackPublicationStateBuilder.swift in Sources */,
				68046C3A29F6651600C94D74 /* ConnectView.swift in Sources */,
				687B62EC29F65F05003FE0FA /* VideoConferenceView.swift in Sources */,
				68046C4A29F6E5B300C94D74 /* UIConfiguration.swift in Sources */,
				68046C5529F7675600C94D74 /* ComponentsScope.swift in Sources */,
				68046C4F29F7652500C94D74 /* RoomDisconnectButton.swift in Sources */,
				687B62EA29F65F05003FE0FA /* ComponentsExampleApp.swift in Sources */,
			);
			runOnlyForDeploymentPostprocessing = 0;
		};
/* End PBXSourcesBuildPhase section */

/* Begin XCBuildConfiguration section */
		687B62F329F65F06003FE0FA /* Debug */ = {
			isa = XCBuildConfiguration;
			buildSettings = {
				ALWAYS_SEARCH_USER_PATHS = NO;
				CLANG_ANALYZER_NONNULL = YES;
				CLANG_ANALYZER_NUMBER_OBJECT_CONVERSION = YES_AGGRESSIVE;
				CLANG_CXX_LANGUAGE_STANDARD = "gnu++20";
				CLANG_ENABLE_MODULES = YES;
				CLANG_ENABLE_OBJC_ARC = YES;
				CLANG_ENABLE_OBJC_WEAK = YES;
				CLANG_WARN_BLOCK_CAPTURE_AUTORELEASING = YES;
				CLANG_WARN_BOOL_CONVERSION = YES;
				CLANG_WARN_COMMA = YES;
				CLANG_WARN_CONSTANT_CONVERSION = YES;
				CLANG_WARN_DEPRECATED_OBJC_IMPLEMENTATIONS = YES;
				CLANG_WARN_DIRECT_OBJC_ISA_USAGE = YES_ERROR;
				CLANG_WARN_DOCUMENTATION_COMMENTS = YES;
				CLANG_WARN_EMPTY_BODY = YES;
				CLANG_WARN_ENUM_CONVERSION = YES;
				CLANG_WARN_INFINITE_RECURSION = YES;
				CLANG_WARN_INT_CONVERSION = YES;
				CLANG_WARN_NON_LITERAL_NULL_CONVERSION = YES;
				CLANG_WARN_OBJC_IMPLICIT_RETAIN_SELF = YES;
				CLANG_WARN_OBJC_LITERAL_CONVERSION = YES;
				CLANG_WARN_OBJC_ROOT_CLASS = YES_ERROR;
				CLANG_WARN_QUOTED_INCLUDE_IN_FRAMEWORK_HEADER = YES;
				CLANG_WARN_RANGE_LOOP_ANALYSIS = YES;
				CLANG_WARN_STRICT_PROTOTYPES = YES;
				CLANG_WARN_SUSPICIOUS_MOVE = YES;
				CLANG_WARN_UNGUARDED_AVAILABILITY = YES_AGGRESSIVE;
				CLANG_WARN_UNREACHABLE_CODE = YES;
				CLANG_WARN__DUPLICATE_METHOD_MATCH = YES;
				COPY_PHASE_STRIP = NO;
				DEBUG_INFORMATION_FORMAT = dwarf;
				ENABLE_STRICT_OBJC_MSGSEND = YES;
				ENABLE_TESTABILITY = YES;
				GCC_C_LANGUAGE_STANDARD = gnu11;
				GCC_DYNAMIC_NO_PIC = NO;
				GCC_NO_COMMON_BLOCKS = YES;
				GCC_OPTIMIZATION_LEVEL = 0;
				GCC_PREPROCESSOR_DEFINITIONS = (
					"DEBUG=1",
					"$(inherited)",
				);
				GCC_WARN_64_TO_32_BIT_CONVERSION = YES;
				GCC_WARN_ABOUT_RETURN_TYPE = YES_ERROR;
				GCC_WARN_UNDECLARED_SELECTOR = YES;
				GCC_WARN_UNINITIALIZED_AUTOS = YES_AGGRESSIVE;
				GCC_WARN_UNUSED_FUNCTION = YES;
				GCC_WARN_UNUSED_VARIABLE = YES;
				MTL_ENABLE_DEBUG_INFO = INCLUDE_SOURCE;
				MTL_FAST_MATH = YES;
				ONLY_ACTIVE_ARCH = YES;
				SWIFT_ACTIVE_COMPILATION_CONDITIONS = DEBUG;
				SWIFT_OPTIMIZATION_LEVEL = "-Onone";
			};
			name = Debug;
		};
		687B62F429F65F06003FE0FA /* Release */ = {
			isa = XCBuildConfiguration;
			buildSettings = {
				ALWAYS_SEARCH_USER_PATHS = NO;
				CLANG_ANALYZER_NONNULL = YES;
				CLANG_ANALYZER_NUMBER_OBJECT_CONVERSION = YES_AGGRESSIVE;
				CLANG_CXX_LANGUAGE_STANDARD = "gnu++20";
				CLANG_ENABLE_MODULES = YES;
				CLANG_ENABLE_OBJC_ARC = YES;
				CLANG_ENABLE_OBJC_WEAK = YES;
				CLANG_WARN_BLOCK_CAPTURE_AUTORELEASING = YES;
				CLANG_WARN_BOOL_CONVERSION = YES;
				CLANG_WARN_COMMA = YES;
				CLANG_WARN_CONSTANT_CONVERSION = YES;
				CLANG_WARN_DEPRECATED_OBJC_IMPLEMENTATIONS = YES;
				CLANG_WARN_DIRECT_OBJC_ISA_USAGE = YES_ERROR;
				CLANG_WARN_DOCUMENTATION_COMMENTS = YES;
				CLANG_WARN_EMPTY_BODY = YES;
				CLANG_WARN_ENUM_CONVERSION = YES;
				CLANG_WARN_INFINITE_RECURSION = YES;
				CLANG_WARN_INT_CONVERSION = YES;
				CLANG_WARN_NON_LITERAL_NULL_CONVERSION = YES;
				CLANG_WARN_OBJC_IMPLICIT_RETAIN_SELF = YES;
				CLANG_WARN_OBJC_LITERAL_CONVERSION = YES;
				CLANG_WARN_OBJC_ROOT_CLASS = YES_ERROR;
				CLANG_WARN_QUOTED_INCLUDE_IN_FRAMEWORK_HEADER = YES;
				CLANG_WARN_RANGE_LOOP_ANALYSIS = YES;
				CLANG_WARN_STRICT_PROTOTYPES = YES;
				CLANG_WARN_SUSPICIOUS_MOVE = YES;
				CLANG_WARN_UNGUARDED_AVAILABILITY = YES_AGGRESSIVE;
				CLANG_WARN_UNREACHABLE_CODE = YES;
				CLANG_WARN__DUPLICATE_METHOD_MATCH = YES;
				COPY_PHASE_STRIP = NO;
				DEBUG_INFORMATION_FORMAT = "dwarf-with-dsym";
				ENABLE_NS_ASSERTIONS = NO;
				ENABLE_STRICT_OBJC_MSGSEND = YES;
				GCC_C_LANGUAGE_STANDARD = gnu11;
				GCC_NO_COMMON_BLOCKS = YES;
				GCC_WARN_64_TO_32_BIT_CONVERSION = YES;
				GCC_WARN_ABOUT_RETURN_TYPE = YES_ERROR;
				GCC_WARN_UNDECLARED_SELECTOR = YES;
				GCC_WARN_UNINITIALIZED_AUTOS = YES_AGGRESSIVE;
				GCC_WARN_UNUSED_FUNCTION = YES;
				GCC_WARN_UNUSED_VARIABLE = YES;
				MTL_ENABLE_DEBUG_INFO = NO;
				MTL_FAST_MATH = YES;
				SWIFT_COMPILATION_MODE = wholemodule;
				SWIFT_OPTIMIZATION_LEVEL = "-O";
			};
			name = Release;
		};
		687B62F629F65F06003FE0FA /* Debug */ = {
			isa = XCBuildConfiguration;
			buildSettings = {
				ASSETCATALOG_COMPILER_APPICON_NAME = AppIcon;
				ASSETCATALOG_COMPILER_GLOBAL_ACCENT_COLOR_NAME = AccentColor;
				CODE_SIGN_ENTITLEMENTS = "components-example/components_example.entitlements";
				CODE_SIGN_STYLE = Automatic;
				CURRENT_PROJECT_VERSION = 1;
				DEVELOPMENT_TEAM = 76TVFCUKK7;
				ENABLE_HARDENED_RUNTIME = YES;
				ENABLE_PREVIEWS = YES;
				GENERATE_INFOPLIST_FILE = YES;
				INFOPLIST_FILE = "components-example/Info.plist";
				INFOPLIST_KEY_NSCameraUsageDescription = "Please allow for publishing your camera";
				INFOPLIST_KEY_NSMicrophoneUsageDescription = "Please allow for publishing your microphone";
				"INFOPLIST_KEY_UIApplicationSceneManifest_Generation[sdk=iphoneos*]" = YES;
				"INFOPLIST_KEY_UIApplicationSceneManifest_Generation[sdk=iphonesimulator*]" = YES;
				"INFOPLIST_KEY_UIApplicationSupportsIndirectInputEvents[sdk=iphoneos*]" = YES;
				"INFOPLIST_KEY_UIApplicationSupportsIndirectInputEvents[sdk=iphonesimulator*]" = YES;
				"INFOPLIST_KEY_UILaunchScreen_Generation[sdk=iphoneos*]" = YES;
				"INFOPLIST_KEY_UILaunchScreen_Generation[sdk=iphonesimulator*]" = YES;
				"INFOPLIST_KEY_UIStatusBarStyle[sdk=iphoneos*]" = UIStatusBarStyleDefault;
				"INFOPLIST_KEY_UIStatusBarStyle[sdk=iphonesimulator*]" = UIStatusBarStyleDefault;
				INFOPLIST_KEY_UISupportedInterfaceOrientations_iPad = "UIInterfaceOrientationPortrait UIInterfaceOrientationPortraitUpsideDown UIInterfaceOrientationLandscapeLeft UIInterfaceOrientationLandscapeRight";
				INFOPLIST_KEY_UISupportedInterfaceOrientations_iPhone = "UIInterfaceOrientationPortrait UIInterfaceOrientationLandscapeLeft UIInterfaceOrientationLandscapeRight";
				IPHONEOS_DEPLOYMENT_TARGET = 16.4;
				LD_RUNPATH_SEARCH_PATHS = "@executable_path/Frameworks";
				"LD_RUNPATH_SEARCH_PATHS[sdk=macosx*]" = "@executable_path/../Frameworks";
				MACOSX_DEPLOYMENT_TARGET = 13.3;
				MARKETING_VERSION = 1.0;
				PRODUCT_BUNDLE_IDENTIFIER = "io.livekit.components-example";
				PRODUCT_NAME = "$(TARGET_NAME)";
				SDKROOT = auto;
				SUPPORTED_PLATFORMS = "iphoneos iphonesimulator macosx";
				SWIFT_EMIT_LOC_STRINGS = YES;
				SWIFT_VERSION = 5.0;
				TARGETED_DEVICE_FAMILY = "1,2";
			};
			name = Debug;
		};
		687B62F729F65F06003FE0FA /* Release */ = {
			isa = XCBuildConfiguration;
			buildSettings = {
				ASSETCATALOG_COMPILER_APPICON_NAME = AppIcon;
				ASSETCATALOG_COMPILER_GLOBAL_ACCENT_COLOR_NAME = AccentColor;
				CODE_SIGN_ENTITLEMENTS = "components-example/components_example.entitlements";
				CODE_SIGN_STYLE = Automatic;
				CURRENT_PROJECT_VERSION = 1;
				DEVELOPMENT_TEAM = 76TVFCUKK7;
				ENABLE_HARDENED_RUNTIME = YES;
				ENABLE_PREVIEWS = YES;
				GENERATE_INFOPLIST_FILE = YES;
				INFOPLIST_FILE = "components-example/Info.plist";
				INFOPLIST_KEY_NSCameraUsageDescription = "Please allow for publishing your camera";
				INFOPLIST_KEY_NSMicrophoneUsageDescription = "Please allow for publishing your microphone";
				"INFOPLIST_KEY_UIApplicationSceneManifest_Generation[sdk=iphoneos*]" = YES;
				"INFOPLIST_KEY_UIApplicationSceneManifest_Generation[sdk=iphonesimulator*]" = YES;
				"INFOPLIST_KEY_UIApplicationSupportsIndirectInputEvents[sdk=iphoneos*]" = YES;
				"INFOPLIST_KEY_UIApplicationSupportsIndirectInputEvents[sdk=iphonesimulator*]" = YES;
				"INFOPLIST_KEY_UILaunchScreen_Generation[sdk=iphoneos*]" = YES;
				"INFOPLIST_KEY_UILaunchScreen_Generation[sdk=iphonesimulator*]" = YES;
				"INFOPLIST_KEY_UIStatusBarStyle[sdk=iphoneos*]" = UIStatusBarStyleDefault;
				"INFOPLIST_KEY_UIStatusBarStyle[sdk=iphonesimulator*]" = UIStatusBarStyleDefault;
				INFOPLIST_KEY_UISupportedInterfaceOrientations_iPad = "UIInterfaceOrientationPortrait UIInterfaceOrientationPortraitUpsideDown UIInterfaceOrientationLandscapeLeft UIInterfaceOrientationLandscapeRight";
				INFOPLIST_KEY_UISupportedInterfaceOrientations_iPhone = "UIInterfaceOrientationPortrait UIInterfaceOrientationLandscapeLeft UIInterfaceOrientationLandscapeRight";
				IPHONEOS_DEPLOYMENT_TARGET = 16.4;
				LD_RUNPATH_SEARCH_PATHS = "@executable_path/Frameworks";
				"LD_RUNPATH_SEARCH_PATHS[sdk=macosx*]" = "@executable_path/../Frameworks";
				MACOSX_DEPLOYMENT_TARGET = 13.3;
				MARKETING_VERSION = 1.0;
				PRODUCT_BUNDLE_IDENTIFIER = "io.livekit.components-example";
				PRODUCT_NAME = "$(TARGET_NAME)";
				SDKROOT = auto;
				SUPPORTED_PLATFORMS = "iphoneos iphonesimulator macosx";
				SWIFT_EMIT_LOC_STRINGS = YES;
				SWIFT_VERSION = 5.0;
				TARGETED_DEVICE_FAMILY = "1,2";
			};
			name = Release;
		};
/* End XCBuildConfiguration section */

/* Begin XCConfigurationList section */
		687B62E129F65F05003FE0FA /* Build configuration list for PBXProject "components-example" */ = {
			isa = XCConfigurationList;
			buildConfigurations = (
				687B62F329F65F06003FE0FA /* Debug */,
				687B62F429F65F06003FE0FA /* Release */,
			);
			defaultConfigurationIsVisible = 0;
			defaultConfigurationName = Release;
		};
		687B62F529F65F06003FE0FA /* Build configuration list for PBXNativeTarget "components-example" */ = {
			isa = XCConfigurationList;
			buildConfigurations = (
				687B62F629F65F06003FE0FA /* Debug */,
				687B62F729F65F06003FE0FA /* Release */,
			);
			defaultConfigurationIsVisible = 0;
			defaultConfigurationName = Release;
		};
/* End XCConfigurationList section */

/* Begin XCSwiftPackageProductDependency section */
		68046C3329F6623900C94D74 /* LiveKit */ = {
			isa = XCSwiftPackageProductDependency;
			productName = LiveKit;
		};
/* End XCSwiftPackageProductDependency section */
	};
	rootObject = 687B62DE29F65F05003FE0FA /* Project object */;
}
